// !$*UTF8*$!
{
	archiveVersion = 1;
	classes = {
	};
	objectVersion = 50;
	objects = {

/* Begin PBXBuildFile section */
		1640565424C14E19002B3DA6 /* AppDelegate.swift in Sources */ = {isa = PBXBuildFile; fileRef = 1640565324C14E19002B3DA6 /* AppDelegate.swift */; };
		1640565624C14E19002B3DA6 /* SceneDelegate.swift in Sources */ = {isa = PBXBuildFile; fileRef = 1640565524C14E19002B3DA6 /* SceneDelegate.swift */; };
		1640565824C14E19002B3DA6 /* ViewController.swift in Sources */ = {isa = PBXBuildFile; fileRef = 1640565724C14E19002B3DA6 /* ViewController.swift */; };
		1640565B24C14E19002B3DA6 /* Main.storyboard in Resources */ = {isa = PBXBuildFile; fileRef = 1640565924C14E19002B3DA6 /* Main.storyboard */; };
		1640565D24C14E23002B3DA6 /* Assets.xcassets in Resources */ = {isa = PBXBuildFile; fileRef = 1640565C24C14E23002B3DA6 /* Assets.xcassets */; };
		1640566024C14E23002B3DA6 /* LaunchScreen.storyboard in Resources */ = {isa = PBXBuildFile; fileRef = 1640565E24C14E23002B3DA6 /* LaunchScreen.storyboard */; };
		1640566B24C14E23002B3DA6 /* FallingWordsTests.swift in Sources */ = {isa = PBXBuildFile; fileRef = 1640566A24C14E23002B3DA6 /* FallingWordsTests.swift */; };
/* End PBXBuildFile section */

/* Begin PBXContainerItemProxy section */
		1640566724C14E23002B3DA6 /* PBXContainerItemProxy */ = {
			isa = PBXContainerItemProxy;
			containerPortal = 1640564824C14E19002B3DA6 /* Project object */;
			proxyType = 1;
			remoteGlobalIDString = 1640564F24C14E19002B3DA6;
			remoteInfo = FallingWords;
		};
/* End PBXContainerItemProxy section */

/* Begin PBXFileReference section */
		1640565024C14E19002B3DA6 /* FallingWords.app */ = {isa = PBXFileReference; explicitFileType = wrapper.application; includeInIndex = 0; path = FallingWords.app; sourceTree = BUILT_PRODUCTS_DIR; };
		1640565324C14E19002B3DA6 /* AppDelegate.swift */ = {isa = PBXFileReference; lastKnownFileType = sourcecode.swift; path = AppDelegate.swift; sourceTree = "<group>"; };
		1640565524C14E19002B3DA6 /* SceneDelegate.swift */ = {isa = PBXFileReference; lastKnownFileType = sourcecode.swift; path = SceneDelegate.swift; sourceTree = "<group>"; };
		1640565724C14E19002B3DA6 /* ViewController.swift */ = {isa = PBXFileReference; lastKnownFileType = sourcecode.swift; path = ViewController.swift; sourceTree = "<group>"; };
		1640565A24C14E19002B3DA6 /* Base */ = {isa = PBXFileReference; lastKnownFileType = file.storyboard; name = Base; path = Base.lproj/Main.storyboard; sourceTree = "<group>"; };
		1640565C24C14E23002B3DA6 /* Assets.xcassets */ = {isa = PBXFileReference; lastKnownFileType = folder.assetcatalog; path = Assets.xcassets; sourceTree = "<group>"; };
		1640565F24C14E23002B3DA6 /* Base */ = {isa = PBXFileReference; lastKnownFileType = file.storyboard; name = Base; path = Base.lproj/LaunchScreen.storyboard; sourceTree = "<group>"; };
		1640566124C14E23002B3DA6 /* Info.plist */ = {isa = PBXFileReference; lastKnownFileType = text.plist.xml; path = Info.plist; sourceTree = "<group>"; };
		1640566624C14E23002B3DA6 /* FallingWordsTests.xctest */ = {isa = PBXFileReference; explicitFileType = wrapper.cfbundle; includeInIndex = 0; path = FallingWordsTests.xctest; sourceTree = BUILT_PRODUCTS_DIR; };
		1640566A24C14E23002B3DA6 /* FallingWordsTests.swift */ = {isa = PBXFileReference; lastKnownFileType = sourcecode.swift; path = FallingWordsTests.swift; sourceTree = "<group>"; };
		1640566C24C14E23002B3DA6 /* Info.plist */ = {isa = PBXFileReference; lastKnownFileType = text.plist.xml; path = Info.plist; sourceTree = "<group>"; };
/* End PBXFileReference section */

/* Begin PBXFrameworksBuildPhase section */
		1640564D24C14E19002B3DA6 /* Frameworks */ = {
			isa = PBXFrameworksBuildPhase;
			buildActionMask = 2147483647;
			files = (
			);
			runOnlyForDeploymentPostprocessing = 0;
		};
		1640566324C14E23002B3DA6 /* Frameworks */ = {
			isa = PBXFrameworksBuildPhase;
			buildActionMask = 2147483647;
			files = (
			);
			runOnlyForDeploymentPostprocessing = 0;
		};
/* End PBXFrameworksBuildPhase section */

/* Begin PBXGroup section */
		1640564724C14E19002B3DA6 = {
			isa = PBXGroup;
			children = (
				1640565224C14E19002B3DA6 /* FallingWords */,
				1640566924C14E23002B3DA6 /* FallingWordsTests */,
				1640565124C14E19002B3DA6 /* Products */,
			);
			sourceTree = "<group>";
		};
		1640565124C14E19002B3DA6 /* Products */ = {
			isa = PBXGroup;
			children = (
				1640565024C14E19002B3DA6 /* FallingWords.app */,
				1640566624C14E23002B3DA6 /* FallingWordsTests.xctest */,
			);
			name = Products;
			sourceTree = "<group>";
		};
		1640565224C14E19002B3DA6 /* FallingWords */ = {
			isa = PBXGroup;
			children = (
				1640565324C14E19002B3DA6 /* AppDelegate.swift */,
				1640565524C14E19002B3DA6 /* SceneDelegate.swift */,
				1640565724C14E19002B3DA6 /* ViewController.swift */,
				1640565924C14E19002B3DA6 /* Main.storyboard */,
				1640565C24C14E23002B3DA6 /* Assets.xcassets */,
				1640565E24C14E23002B3DA6 /* LaunchScreen.storyboard */,
				1640566124C14E23002B3DA6 /* Info.plist */,
			);
			path = FallingWords;
			sourceTree = "<group>";
		};
		1640566924C14E23002B3DA6 /* FallingWordsTests */ = {
			isa = PBXGroup;
			children = (
				1640566A24C14E23002B3DA6 /* FallingWordsTests.swift */,
				1640566C24C14E23002B3DA6 /* Info.plist */,
			);
			path = FallingWordsTests;
			sourceTree = "<group>";
		};
/* End PBXGroup section */

/* Begin PBXNativeTarget section */
		1640564F24C14E19002B3DA6 /* FallingWords */ = {
			isa = PBXNativeTarget;
			buildConfigurationList = 1640566F24C14E23002B3DA6 /* Build configuration list for PBXNativeTarget "FallingWords" */;
			buildPhases = (
				1640564C24C14E19002B3DA6 /* Sources */,
				1640564D24C14E19002B3DA6 /* Frameworks */,
				1640564E24C14E19002B3DA6 /* Resources */,
			);
			buildRules = (
			);
			dependencies = (
			);
			name = FallingWords;
			productName = FallingWords;
			productReference = 1640565024C14E19002B3DA6 /* FallingWords.app */;
			productType = "com.apple.product-type.application";
		};
		1640566524C14E23002B3DA6 /* FallingWordsTests */ = {
			isa = PBXNativeTarget;
			buildConfigurationList = 1640567224C14E23002B3DA6 /* Build configuration list for PBXNativeTarget "FallingWordsTests" */;
			buildPhases = (
				1640566224C14E23002B3DA6 /* Sources */,
				1640566324C14E23002B3DA6 /* Frameworks */,
				1640566424C14E23002B3DA6 /* Resources */,
			);
			buildRules = (
			);
			dependencies = (
				1640566824C14E23002B3DA6 /* PBXTargetDependency */,
			);
			name = FallingWordsTests;
			productName = FallingWordsTests;
			productReference = 1640566624C14E23002B3DA6 /* FallingWordsTests.xctest */;
			productType = "com.apple.product-type.bundle.unit-test";
		};
/* End PBXNativeTarget section */

/* Begin PBXProject section */
		1640564824C14E19002B3DA6 /* Project object */ = {
			isa = PBXProject;
			attributes = {
				LastSwiftUpdateCheck = 1150;
				LastUpgradeCheck = 1150;
				ORGANIZATIONNAME = "Ankur Arya";
				TargetAttributes = {
					1640564F24C14E19002B3DA6 = {
						CreatedOnToolsVersion = 11.5;
					};
					1640566524C14E23002B3DA6 = {
						CreatedOnToolsVersion = 11.5;
						TestTargetID = 1640564F24C14E19002B3DA6;
					};
				};
			};
			buildConfigurationList = 1640564B24C14E19002B3DA6 /* Build configuration list for PBXProject "FallingWords" */;
			compatibilityVersion = "Xcode 9.3";
			developmentRegion = en;
			hasScannedForEncodings = 0;
			knownRegions = (
				en,
				Base,
			);
			mainGroup = 1640564724C14E19002B3DA6;
			productRefGroup = 1640565124C14E19002B3DA6 /* Products */;
			projectDirPath = "";
			projectRoot = "";
			targets = (
				1640564F24C14E19002B3DA6 /* FallingWords */,
				1640566524C14E23002B3DA6 /* FallingWordsTests */,
			);
		};
/* End PBXProject section */

/* Begin PBXResourcesBuildPhase section */
		1640564E24C14E19002B3DA6 /* Resources */ = {
			isa = PBXResourcesBuildPhase;
			buildActionMask = 2147483647;
			files = (
				1640566024C14E23002B3DA6 /* LaunchScreen.storyboard in Resources */,
				1640565D24C14E23002B3DA6 /* Assets.xcassets in Resources */,
				1640565B24C14E19002B3DA6 /* Main.storyboard in Resources */,
			);
			runOnlyForDeploymentPostprocessing = 0;
		};
		1640566424C14E23002B3DA6 /* Resources */ = {
			isa = PBXResourcesBuildPhase;
			buildActionMask = 2147483647;
			files = (
			);
			runOnlyForDeploymentPostprocessing = 0;
		};
/* End PBXResourcesBuildPhase section */

/* Begin PBXSourcesBuildPhase section */
		1640564C24C14E19002B3DA6 /* Sources */ = {
			isa = PBXSourcesBuildPhase;
			buildActionMask = 2147483647;
			files = (
				1640565824C14E19002B3DA6 /* ViewController.swift in Sources */,
				1640565424C14E19002B3DA6 /* AppDelegate.swift in Sources */,
				1640565624C14E19002B3DA6 /* SceneDelegate.swift in Sources */,
			);
			runOnlyForDeploymentPostprocessing = 0;
		};
		1640566224C14E23002B3DA6 /* Sources */ = {
			isa = PBXSourcesBuildPhase;
			buildActionMask = 2147483647;
			files = (
				1640566B24C14E23002B3DA6 /* FallingWordsTests.swift in Sources */,
			);
			runOnlyForDeploymentPostprocessing = 0;
		};
/* End PBXSourcesBuildPhase section */

/* Begin PBXTargetDependency section */
		1640566824C14E23002B3DA6 /* PBXTargetDependency */ = {
			isa = PBXTargetDependency;
			target = 1640564F24C14E19002B3DA6 /* FallingWords */;
			targetProxy = 1640566724C14E23002B3DA6 /* PBXContainerItemProxy */;
		};
/* End PBXTargetDependency section */

/* Begin PBXVariantGroup section */
		1640565924C14E19002B3DA6 /* Main.storyboard */ = {
			isa = PBXVariantGroup;
			children = (
				1640565A24C14E19002B3DA6 /* Base */,
			);
			name = Main.storyboard;
			sourceTree = "<group>";
		};
		1640565E24C14E23002B3DA6 /* LaunchScreen.storyboard */ = {
			isa = PBXVariantGroup;
			children = (
				1640565F24C14E23002B3DA6 /* Base */,
			);
			name = LaunchScreen.storyboard;
			sourceTree = "<group>";
		};
/* End PBXVariantGroup section */

/* Begin XCBuildConfiguration section */
		1640566D24C14E23002B3DA6 /* Debug */ = {
			isa = XCBuildConfiguration;
			buildSettings = {
				ALWAYS_SEARCH_USER_PATHS = NO;
				CLANG_ANALYZER_NONNULL = YES;
				CLANG_ANALYZER_NUMBER_OBJECT_CONVERSION = YES_AGGRESSIVE;
				CLANG_CXX_LANGUAGE_STANDARD = "gnu++14";
				CLANG_CXX_LIBRARY = "libc++";
				CLANG_ENABLE_MODULES = YES;
				CLANG_ENABLE_OBJC_ARC = YES;
				CLANG_ENABLE_OBJC_WEAK = YES;
				CLANG_WARN_BLOCK_CAPTURE_AUTORELEASING = YES;
				CLANG_WARN_BOOL_CONVERSION = YES;
				CLANG_WARN_COMMA = YES;
				CLANG_WARN_CONSTANT_CONVERSION = YES;
				CLANG_WARN_DEPRECATED_OBJC_IMPLEMENTATIONS = YES;
				CLANG_WARN_DIRECT_OBJC_ISA_USAGE = YES_ERROR;
				CLANG_WARN_DOCUMENTATION_COMMENTS = YES;
				CLANG_WARN_EMPTY_BODY = YES;
				CLANG_WARN_ENUM_CONVERSION = YES;
				CLANG_WARN_INFINITE_RECURSION = YES;
				CLANG_WARN_INT_CONVERSION = YES;
				CLANG_WARN_NON_LITERAL_NULL_CONVERSION = YES;
				CLANG_WARN_OBJC_IMPLICIT_RETAIN_SELF = YES;
				CLANG_WARN_OBJC_LITERAL_CONVERSION = YES;
				CLANG_WARN_OBJC_ROOT_CLASS = YES_ERROR;
				CLANG_WARN_RANGE_LOOP_ANALYSIS = YES;
				CLANG_WARN_STRICT_PROTOTYPES = YES;
				CLANG_WARN_SUSPICIOUS_MOVE = YES;
				CLANG_WARN_UNGUARDED_AVAILABILITY = YES_AGGRESSIVE;
				CLANG_WARN_UNREACHABLE_CODE = YES;
				CLANG_WARN__DUPLICATE_METHOD_MATCH = YES;
				COPY_PHASE_STRIP = NO;
				DEBUG_INFORMATION_FORMAT = dwarf;
				ENABLE_STRICT_OBJC_MSGSEND = YES;
				ENABLE_TESTABILITY = YES;
				GCC_C_LANGUAGE_STANDARD = gnu11;
				GCC_DYNAMIC_NO_PIC = NO;
				GCC_NO_COMMON_BLOCKS = YES;
				GCC_OPTIMIZATION_LEVEL = 0;
				GCC_PREPROCESSOR_DEFINITIONS = (
					"DEBUG=1",
					"$(inherited)",
				);
				GCC_WARN_64_TO_32_BIT_CONVERSION = YES;
				GCC_WARN_ABOUT_RETURN_TYPE = YES_ERROR;
				GCC_WARN_UNDECLARED_SELECTOR = YES;
				GCC_WARN_UNINITIALIZED_AUTOS = YES_AGGRESSIVE;
				GCC_WARN_UNUSED_FUNCTION = YES;
				GCC_WARN_UNUSED_VARIABLE = YES;
				IPHONEOS_DEPLOYMENT_TARGET = 13.5;
				MTL_ENABLE_DEBUG_INFO = INCLUDE_SOURCE;
				MTL_FAST_MATH = YES;
				ONLY_ACTIVE_ARCH = YES;
				SDKROOT = iphoneos;
				SWIFT_ACTIVE_COMPILATION_CONDITIONS = DEBUG;
				SWIFT_OPTIMIZATION_LEVEL = "-Onone";
			};
			name = Debug;
		};
		1640566E24C14E23002B3DA6 /* Release */ = {
			isa = XCBuildConfiguration;
			buildSettings = {
				ALWAYS_SEARCH_USER_PATHS = NO;
				CLANG_ANALYZER_NONNULL = YES;
				CLANG_ANALYZER_NUMBER_OBJECT_CONVERSION = YES_AGGRESSIVE;
				CLANG_CXX_LANGUAGE_STANDARD = "gnu++14";
				CLANG_CXX_LIBRARY = "libc++";
				CLANG_ENABLE_MODULES = YES;
				CLANG_ENABLE_OBJC_ARC = YES;
				CLANG_ENABLE_OBJC_WEAK = YES;
				CLANG_WARN_BLOCK_CAPTURE_AUTORELEASING = YES;
				CLANG_WARN_BOOL_CONVERSION = YES;
				CLANG_WARN_COMMA = YES;
				CLANG_WARN_CONSTANT_CONVERSION = YES;
				CLANG_WARN_DEPRECATED_OBJC_IMPLEMENTATIONS = YES;
				CLANG_WARN_DIRECT_OBJC_ISA_USAGE = YES_ERROR;
				CLANG_WARN_DOCUMENTATION_COMMENTS = YES;
				CLANG_WARN_EMPTY_BODY = YES;
				CLANG_WARN_ENUM_CONVERSION = YES;
				CLANG_WARN_INFINITE_RECURSION = YES;
				CLANG_WARN_INT_CONVERSION = YES;
				CLANG_WARN_NON_LITERAL_NULL_CONVERSION = YES;
				CLANG_WARN_OBJC_IMPLICIT_RETAIN_SELF = YES;
				CLANG_WARN_OBJC_LITERAL_CONVERSION = YES;
				CLANG_WARN_OBJC_ROOT_CLASS = YES_ERROR;
				CLANG_WARN_RANGE_LOOP_ANALYSIS = YES;
				CLANG_WARN_STRICT_PROTOTYPES = YES;
				CLANG_WARN_SUSPICIOUS_MOVE = YES;
				CLANG_WARN_UNGUARDED_AVAILABILITY = YES_AGGRESSIVE;
				CLANG_WARN_UNREACHABLE_CODE = YES;
				CLANG_WARN__DUPLICATE_METHOD_MATCH = YES;
				COPY_PHASE_STRIP = NO;
				DEBUG_INFORMATION_FORMAT = "dwarf-with-dsym";
				ENABLE_NS_ASSERTIONS = NO;
				ENABLE_STRICT_OBJC_MSGSEND = YES;
				GCC_C_LANGUAGE_STANDARD = gnu11;
				GCC_NO_COMMON_BLOCKS = YES;
				GCC_WARN_64_TO_32_BIT_CONVERSION = YES;
				GCC_WARN_ABOUT_RETURN_TYPE = YES_ERROR;
				GCC_WARN_UNDECLARED_SELECTOR = YES;
				GCC_WARN_UNINITIALIZED_AUTOS = YES_AGGRESSIVE;
				GCC_WARN_UNUSED_FUNCTION = YES;
				GCC_WARN_UNUSED_VARIABLE = YES;
				IPHONEOS_DEPLOYMENT_TARGET = 13.5;
				MTL_ENABLE_DEBUG_INFO = NO;
				MTL_FAST_MATH = YES;
				SDKROOT = iphoneos;
				SWIFT_COMPILATION_MODE = wholemodule;
				SWIFT_OPTIMIZATION_LEVEL = "-O";
				VALIDATE_PRODUCT = YES;
			};
			name = Release;
		};
		1640567024C14E23002B3DA6 /* Debug */ = {
			isa = XCBuildConfiguration;
			buildSettings = {
				ASSETCATALOG_COMPILER_APPICON_NAME = AppIcon;
				CODE_SIGN_STYLE = Automatic;
				INFOPLIST_FILE = FallingWords/Info.plist;
				LD_RUNPATH_SEARCH_PATHS = (
					"$(inherited)",
					"@executable_path/Frameworks",
				);
				PRODUCT_BUNDLE_IDENTIFIER = com.arya.FallingWords;
				PRODUCT_NAME = "$(TARGET_NAME)";
				SWIFT_VERSION = 5.0;
				TARGETED_DEVICE_FAMILY = "1,2";
			};
			name = Debug;
		};
		1640567124C14E23002B3DA6 /* Release */ = {
			isa = XCBuildConfiguration;
			buildSettings = {
				ASSETCATALOG_COMPILER_APPICON_NAME = AppIcon;
				CODE_SIGN_STYLE = Automatic;
				INFOPLIST_FILE = FallingWords/Info.plist;
				LD_RUNPATH_SEARCH_PATHS = (
					"$(inherited)",
					"@executable_path/Frameworks",
				);
				PRODUCT_BUNDLE_IDENTIFIER = com.arya.FallingWords;
				PRODUCT_NAME = "$(TARGET_NAME)";
				SWIFT_VERSION = 5.0;
				TARGETED_DEVICE_FAMILY = "1,2";
			};
			name = Release;
		};
		1640567324C14E23002B3DA6 /* Debug */ = {
			isa = XCBuildConfiguration;
			buildSettings = {
				ALWAYS_EMBED_SWIFT_STANDARD_LIBRARIES = YES;
				BUNDLE_LOADER = "$(TEST_HOST)";
				CODE_SIGN_STYLE = Automatic;
				INFOPLIST_FILE = FallingWordsTests/Info.plist;
				IPHONEOS_DEPLOYMENT_TARGET = 13.5;
				LD_RUNPATH_SEARCH_PATHS = (
					"$(inherited)",
					"@executable_path/Frameworks",
					"@loader_path/Frameworks",
				);
				PRODUCT_BUNDLE_IDENTIFIER = com.arya.FallingWordsTests;
				PRODUCT_NAME = "$(TARGET_NAME)";
				SWIFT_VERSION = 5.0;
				TARGETED_DEVICE_FAMILY = "1,2";
				TEST_HOST = "$(BUILT_PRODUCTS_DIR)/FallingWords.app/FallingWords";
			};
			name = Debug;
		};
		1640567424C14E23002B3DA6 /* Release */ = {
			isa = XCBuildConfiguration;
			buildSettings = {
				ALWAYS_EMBED_SWIFT_STANDARD_LIBRARIES = YES;
				BUNDLE_LOADER = "$(TEST_HOST)";
				CODE_SIGN_STYLE = Automatic;
				INFOPLIST_FILE = FallingWordsTests/Info.plist;
				IPHONEOS_DEPLOYMENT_TARGET = 13.5;
				LD_RUNPATH_SEARCH_PATHS = (
					"$(inherited)",
					"@executable_path/Frameworks",
					"@loader_path/Frameworks",
				);
				PRODUCT_BUNDLE_IDENTIFIER = com.arya.FallingWordsTests;
				PRODUCT_NAME = "$(TARGET_NAME)";
				SWIFT_VERSION = 5.0;
				TARGETED_DEVICE_FAMILY = "1,2";
				TEST_HOST = "$(BUILT_PRODUCTS_DIR)/FallingWords.app/FallingWords";
			};
			name = Release;
		};
/* End XCBuildConfiguration section */

/* Begin XCConfigurationList section */
		1640564B24C14E19002B3DA6 /* Build configuration list for PBXProject "FallingWords" */ = {
			isa = XCConfigurationList;
			buildConfigurations = (
				1640566D24C14E23002B3DA6 /* Debug */,
				1640566E24C14E23002B3DA6 /* Release */,
			);
			defaultConfigurationIsVisible = 0;
			defaultConfigurationName = Release;
		};
		1640566F24C14E23002B3DA6 /* Build configuration list for PBXNativeTarget "FallingWords" */ = {
			isa = XCConfigurationList;
			buildConfigurations = (
				1640567024C14E23002B3DA6 /* Debug */,
				1640567124C14E23002B3DA6 /* Release */,
			);
			defaultConfigurationIsVisible = 0;
			defaultConfigurationName = Release;
		};
		1640567224C14E23002B3DA6 /* Build configuration list for PBXNativeTarget "FallingWordsTests" */ = {
			isa = XCConfigurationList;
			buildConfigurations = (
				1640567324C14E23002B3DA6 /* Debug */,
				1640567424C14E23002B3DA6 /* Release */,
			);
			defaultConfigurationIsVisible = 0;
			defaultConfigurationName = Release;
		};
/* End XCConfigurationList section */
	};
	rootObject = 1640564824C14E19002B3DA6 /* Project object */;
}
