// !$*UTF8*$!
{
	archiveVersion = 1;
	classes = {
	};
	objectVersion = 52;
	objects = {

/* Begin PBXBuildFile section */
		1619F92724C1880000637621 /* RxSwift in Frameworks */ = {isa = PBXBuildFile; productRef = 1619F92624C1880000637621 /* RxSwift */; };
		1619F92924C1880000637621 /* RxTest in Frameworks */ = {isa = PBXBuildFile; productRef = 1619F92824C1880000637621 /* RxTest */; };
		1619F92B24C1880000637621 /* RxRelay in Frameworks */ = {isa = PBXBuildFile; productRef = 1619F92A24C1880000637621 /* RxRelay */; };
		1619F92D24C1880000637621 /* RxCocoa in Frameworks */ = {isa = PBXBuildFile; productRef = 1619F92C24C1880000637621 /* RxCocoa */; };
		1619F92F24C1880000637621 /* RxBlocking in Frameworks */ = {isa = PBXBuildFile; productRef = 1619F92E24C1880000637621 /* RxBlocking */; };
		1619F93124C18A0200637621 /* GameViewModel.swift in Sources */ = {isa = PBXBuildFile; fileRef = 1619F93024C18A0200637621 /* GameViewModel.swift */; };
		1619F93624C18A7200637621 /* Word.swift in Sources */ = {isa = PBXBuildFile; fileRef = 1619F93524C18A7200637621 /* Word.swift */; };
		1619F93824C18BC800637621 /* NetworkManager.swift in Sources */ = {isa = PBXBuildFile; fileRef = 1619F93724C18BC800637621 /* NetworkManager.swift */; };
		1619F93D24C18ED600637621 /* WordsRepo.swift in Sources */ = {isa = PBXBuildFile; fileRef = 1619F93C24C18ED600637621 /* WordsRepo.swift */; };
		1619F93F24C18F2300637621 /* WordsNetworkRepo.swift in Sources */ = {isa = PBXBuildFile; fileRef = 1619F93E24C18F2300637621 /* WordsNetworkRepo.swift */; };
		1619F94124C18F7500637621 /* WordsLocalRepo.swift in Sources */ = {isa = PBXBuildFile; fileRef = 1619F94024C18F7500637621 /* WordsLocalRepo.swift */; };
		1619F94324C1AA7400637621 /* GameOverViewController.swift in Sources */ = {isa = PBXBuildFile; fileRef = 1619F94224C1AA7400637621 /* GameOverViewController.swift */; };
		1640565424C14E19002B3DA6 /* AppDelegate.swift in Sources */ = {isa = PBXBuildFile; fileRef = 1640565324C14E19002B3DA6 /* AppDelegate.swift */; };
		1640565624C14E19002B3DA6 /* SceneDelegate.swift in Sources */ = {isa = PBXBuildFile; fileRef = 1640565524C14E19002B3DA6 /* SceneDelegate.swift */; };
		1640565824C14E19002B3DA6 /* GameViewController.swift in Sources */ = {isa = PBXBuildFile; fileRef = 1640565724C14E19002B3DA6 /* GameViewController.swift */; };
		1640565B24C14E19002B3DA6 /* Game.storyboard in Resources */ = {isa = PBXBuildFile; fileRef = 1640565924C14E19002B3DA6 /* Game.storyboard */; };
		1640565D24C14E23002B3DA6 /* Assets.xcassets in Resources */ = {isa = PBXBuildFile; fileRef = 1640565C24C14E23002B3DA6 /* Assets.xcassets */; };
		1640566024C14E23002B3DA6 /* LaunchScreen.storyboard in Resources */ = {isa = PBXBuildFile; fileRef = 1640565E24C14E23002B3DA6 /* LaunchScreen.storyboard */; };
		1640566B24C14E23002B3DA6 /* GameViewModelTests.swift in Sources */ = {isa = PBXBuildFile; fileRef = 1640566A24C14E23002B3DA6 /* GameViewModelTests.swift */; };
		1640567E24C1728E002B3DA6 /* README.md in Resources */ = {isa = PBXBuildFile; fileRef = 1640567D24C1728E002B3DA6 /* README.md */; };
		1640568024C172CC002B3DA6 /* words.json in Resources */ = {isa = PBXBuildFile; fileRef = 1640567F24C172CC002B3DA6 /* words.json */; };
		167954BF24C1C1C10039A2E5 /* WordsMockRepo.swift in Sources */ = {isa = PBXBuildFile; fileRef = 167954BE24C1C1C10039A2E5 /* WordsMockRepo.swift */; };
		167954C524C3145A0039A2E5 /* DataError.swift in Sources */ = {isa = PBXBuildFile; fileRef = 167954C424C3145A0039A2E5 /* DataError.swift */; };
		167954C724C314880039A2E5 /* HTTPMethod.swift in Sources */ = {isa = PBXBuildFile; fileRef = 167954C624C314880039A2E5 /* HTTPMethod.swift */; };
		167954C924C314CF0039A2E5 /* EndPoint.swift in Sources */ = {isa = PBXBuildFile; fileRef = 167954C824C314CF0039A2E5 /* EndPoint.swift */; };
/* End PBXBuildFile section */

/* Begin PBXContainerItemProxy section */
		1640566724C14E23002B3DA6 /* PBXContainerItemProxy */ = {
			isa = PBXContainerItemProxy;
			containerPortal = 1640564824C14E19002B3DA6 /* Project object */;
			proxyType = 1;
			remoteGlobalIDString = 1640564F24C14E19002B3DA6;
			remoteInfo = FallingWords;
		};
/* End PBXContainerItemProxy section */

/* Begin PBXFileReference section */
		1619F93024C18A0200637621 /* GameViewModel.swift */ = {isa = PBXFileReference; lastKnownFileType = sourcecode.swift; path = GameViewModel.swift; sourceTree = "<group>"; };
		1619F93524C18A7200637621 /* Word.swift */ = {isa = PBXFileReference; lastKnownFileType = sourcecode.swift; path = Word.swift; sourceTree = "<group>"; };
		1619F93724C18BC800637621 /* NetworkManager.swift */ = {isa = PBXFileReference; lastKnownFileType = sourcecode.swift; path = NetworkManager.swift; sourceTree = "<group>"; };
		1619F93C24C18ED600637621 /* WordsRepo.swift */ = {isa = PBXFileReference; lastKnownFileType = sourcecode.swift; path = WordsRepo.swift; sourceTree = "<group>"; };
		1619F93E24C18F2300637621 /* WordsNetworkRepo.swift */ = {isa = PBXFileReference; lastKnownFileType = sourcecode.swift; path = WordsNetworkRepo.swift; sourceTree = "<group>"; };
		1619F94024C18F7500637621 /* WordsLocalRepo.swift */ = {isa = PBXFileReference; lastKnownFileType = sourcecode.swift; path = WordsLocalRepo.swift; sourceTree = "<group>"; };
		1619F94224C1AA7400637621 /* GameOverViewController.swift */ = {isa = PBXFileReference; lastKnownFileType = sourcecode.swift; path = GameOverViewController.swift; sourceTree = "<group>"; };
		1640565024C14E19002B3DA6 /* Falling Words.app */ = {isa = PBXFileReference; explicitFileType = wrapper.application; includeInIndex = 0; path = "Falling Words.app"; sourceTree = BUILT_PRODUCTS_DIR; };
		1640565324C14E19002B3DA6 /* AppDelegate.swift */ = {isa = PBXFileReference; lastKnownFileType = sourcecode.swift; path = AppDelegate.swift; sourceTree = "<group>"; };
		1640565524C14E19002B3DA6 /* SceneDelegate.swift */ = {isa = PBXFileReference; lastKnownFileType = sourcecode.swift; path = SceneDelegate.swift; sourceTree = "<group>"; };
		1640565724C14E19002B3DA6 /* GameViewController.swift */ = {isa = PBXFileReference; lastKnownFileType = sourcecode.swift; path = GameViewController.swift; sourceTree = "<group>"; };
		1640565A24C14E19002B3DA6 /* Base */ = {isa = PBXFileReference; lastKnownFileType = file.storyboard; name = Base; path = Base.lproj/Game.storyboard; sourceTree = "<group>"; };
		1640565C24C14E23002B3DA6 /* Assets.xcassets */ = {isa = PBXFileReference; lastKnownFileType = folder.assetcatalog; path = Assets.xcassets; sourceTree = "<group>"; };
		1640565F24C14E23002B3DA6 /* Base */ = {isa = PBXFileReference; lastKnownFileType = file.storyboard; name = Base; path = Base.lproj/LaunchScreen.storyboard; sourceTree = "<group>"; };
		1640566124C14E23002B3DA6 /* Info.plist */ = {isa = PBXFileReference; lastKnownFileType = text.plist.xml; path = Info.plist; sourceTree = "<group>"; };
		1640566624C14E23002B3DA6 /* FallingWordsTests.xctest */ = {isa = PBXFileReference; explicitFileType = wrapper.cfbundle; includeInIndex = 0; path = FallingWordsTests.xctest; sourceTree = BUILT_PRODUCTS_DIR; };
		1640566A24C14E23002B3DA6 /* GameViewModelTests.swift */ = {isa = PBXFileReference; lastKnownFileType = sourcecode.swift; path = GameViewModelTests.swift; sourceTree = "<group>"; };
		1640566C24C14E23002B3DA6 /* Info.plist */ = {isa = PBXFileReference; lastKnownFileType = text.plist.xml; path = Info.plist; sourceTree = "<group>"; };
		1640567D24C1728E002B3DA6 /* README.md */ = {isa = PBXFileReference; fileEncoding = 4; lastKnownFileType = net.daringfireball.markdown; path = README.md; sourceTree = "<group>"; };
		1640567F24C172CC002B3DA6 /* words.json */ = {isa = PBXFileReference; fileEncoding = 4; lastKnownFileType = text.json; path = words.json; sourceTree = "<group>"; };
		167954BE24C1C1C10039A2E5 /* WordsMockRepo.swift */ = {isa = PBXFileReference; lastKnownFileType = sourcecode.swift; path = WordsMockRepo.swift; sourceTree = "<group>"; };
		167954C424C3145A0039A2E5 /* DataError.swift */ = {isa = PBXFileReference; lastKnownFileType = sourcecode.swift; path = DataError.swift; sourceTree = "<group>"; };
		167954C624C314880039A2E5 /* HTTPMethod.swift */ = {isa = PBXFileReference; lastKnownFileType = sourcecode.swift; path = HTTPMethod.swift; sourceTree = "<group>"; };
		167954C824C314CF0039A2E5 /* EndPoint.swift */ = {isa = PBXFileReference; lastKnownFileType = sourcecode.swift; path = EndPoint.swift; sourceTree = "<group>"; };
/* End PBXFileReference section */

/* Begin PBXFrameworksBuildPhase section */
		1640564D24C14E19002B3DA6 /* Frameworks */ = {
			isa = PBXFrameworksBuildPhase;
			buildActionMask = 2147483647;
			files = (
				1619F92D24C1880000637621 /* RxCocoa in Frameworks */,
				1619F92B24C1880000637621 /* RxRelay in Frameworks */,
				1619F92724C1880000637621 /* RxSwift in Frameworks */,
			);
			runOnlyForDeploymentPostprocessing = 0;
		};
		1640566324C14E23002B3DA6 /* Frameworks */ = {
			isa = PBXFrameworksBuildPhase;
			buildActionMask = 2147483647;
			files = (
				1619F92924C1880000637621 /* RxTest in Frameworks */,
				1619F92F24C1880000637621 /* RxBlocking in Frameworks */,
			);
			runOnlyForDeploymentPostprocessing = 0;
		};
/* End PBXFrameworksBuildPhase section */

/* Begin PBXGroup section */
		1619F93424C18A6100637621 /* Models */ = {
			isa = PBXGroup;
			children = (
				1619F93524C18A7200637621 /* Word.swift */,
			);
			path = Models;
			sourceTree = "<group>";
		};
		1619F93924C18E9200637621 /* Repositories */ = {
			isa = PBXGroup;
			children = (
				1619F93B24C18EC100637621 /* LocalRepos */,
				1619F93A24C18EB700637621 /* NetworkRepos */,
				1619F93C24C18ED600637621 /* WordsRepo.swift */,
			);
			path = Repositories;
			sourceTree = "<group>";
		};
		1619F93A24C18EB700637621 /* NetworkRepos */ = {
			isa = PBXGroup;
			children = (
				1619F93E24C18F2300637621 /* WordsNetworkRepo.swift */,
			);
			path = NetworkRepos;
			sourceTree = "<group>";
		};
		1619F93B24C18EC100637621 /* LocalRepos */ = {
			isa = PBXGroup;
			children = (
				1619F94024C18F7500637621 /* WordsLocalRepo.swift */,
			);
			path = LocalRepos;
			sourceTree = "<group>";
		};
		1640564724C14E19002B3DA6 = {
			isa = PBXGroup;
			children = (
				1640565224C14E19002B3DA6 /* FallingWords */,
				1640566924C14E23002B3DA6 /* FallingWordsTests */,
				1640565124C14E19002B3DA6 /* Products */,
				1640567D24C1728E002B3DA6 /* README.md */,
			);
			sourceTree = "<group>";
		};
		1640565124C14E19002B3DA6 /* Products */ = {
			isa = PBXGroup;
			children = (
				1640565024C14E19002B3DA6 /* Falling Words.app */,
				1640566624C14E23002B3DA6 /* FallingWordsTests.xctest */,
			);
			name = Products;
			sourceTree = "<group>";
		};
		1640565224C14E19002B3DA6 /* FallingWords */ = {
			isa = PBXGroup;
			children = (
				1640567524C16F07002B3DA6 /* AppDelegates */,
				1640567724C16F36002B3DA6 /* GamePlay */,
				1640567B24C17147002B3DA6 /* Networking */,
				1619F93924C18E9200637621 /* Repositories */,
				1640567624C16F1E002B3DA6 /* Resources */,
			);
			path = FallingWords;
			sourceTree = "<group>";
		};
		1640566924C14E23002B3DA6 /* FallingWordsTests */ = {
			isa = PBXGroup;
			children = (
				1640567C24C171C4002B3DA6 /* GamePlayTests */,
				1640566C24C14E23002B3DA6 /* Info.plist */,
			);
			path = FallingWordsTests;
			sourceTree = "<group>";
		};
		1640567524C16F07002B3DA6 /* AppDelegates */ = {
			isa = PBXGroup;
			children = (
				1640565324C14E19002B3DA6 /* AppDelegate.swift */,
				1640565524C14E19002B3DA6 /* SceneDelegate.swift */,
			);
			path = AppDelegates;
			sourceTree = "<group>";
		};
		1640567624C16F1E002B3DA6 /* Resources */ = {
			isa = PBXGroup;
			children = (
				1640565C24C14E23002B3DA6 /* Assets.xcassets */,
				1640566124C14E23002B3DA6 /* Info.plist */,
				1640565E24C14E23002B3DA6 /* LaunchScreen.storyboard */,
				1640567F24C172CC002B3DA6 /* words.json */,
			);
			path = Resources;
			sourceTree = "<group>";
		};
		1640567724C16F36002B3DA6 /* GamePlay */ = {
			isa = PBXGroup;
			children = (
				1640567824C170A1002B3DA6 /* Controllers */,
				1640567A24C17116002B3DA6 /* ViewModels */,
				1640567924C170D6002B3DA6 /* Views */,
			);
			path = GamePlay;
			sourceTree = "<group>";
		};
		1640567824C170A1002B3DA6 /* Controllers */ = {
			isa = PBXGroup;
			children = (
				1640565724C14E19002B3DA6 /* GameViewController.swift */,
				1619F94224C1AA7400637621 /* GameOverViewController.swift */,
			);
			path = Controllers;
			sourceTree = "<group>";
		};
		1640567924C170D6002B3DA6 /* Views */ = {
			isa = PBXGroup;
			children = (
				1640565924C14E19002B3DA6 /* Game.storyboard */,
			);
			path = Views;
			sourceTree = "<group>";
		};
		1640567A24C17116002B3DA6 /* ViewModels */ = {
			isa = PBXGroup;
			children = (
				1619F93024C18A0200637621 /* GameViewModel.swift */,
			);
			path = ViewModels;
			sourceTree = "<group>";
		};
		1640567B24C17147002B3DA6 /* Networking */ = {
			isa = PBXGroup;
			children = (
				167954C324C3142B0039A2E5 /* Services */,
				1619F93424C18A6100637621 /* Models */,
				1619F93724C18BC800637621 /* NetworkManager.swift */,
			);
			path = Networking;
			sourceTree = "<group>";
		};
		1640567C24C171C4002B3DA6 /* GamePlayTests */ = {
			isa = PBXGroup;
			children = (
				1640566A24C14E23002B3DA6 /* GameViewModelTests.swift */,
				167954BE24C1C1C10039A2E5 /* WordsMockRepo.swift */,
			);
			path = GamePlayTests;
			sourceTree = "<group>";
		};
		167954C324C3142B0039A2E5 /* Services */ = {
			isa = PBXGroup;
			children = (
				167954C424C3145A0039A2E5 /* DataError.swift */,
				167954C824C314CF0039A2E5 /* EndPoint.swift */,
				167954C624C314880039A2E5 /* HTTPMethod.swift */,
			);
			path = Services;
			sourceTree = "<group>";
		};
/* End PBXGroup section */

/* Begin PBXNativeTarget section */
		1640564F24C14E19002B3DA6 /* FallingWords */ = {
			isa = PBXNativeTarget;
			buildConfigurationList = 1640566F24C14E23002B3DA6 /* Build configuration list for PBXNativeTarget "FallingWords" */;
			buildPhases = (
				1640564C24C14E19002B3DA6 /* Sources */,
				1640564D24C14E19002B3DA6 /* Frameworks */,
				1640564E24C14E19002B3DA6 /* Resources */,
			);
			buildRules = (
			);
			dependencies = (
			);
			name = FallingWords;
			packageProductDependencies = (
				1619F92624C1880000637621 /* RxSwift */,
				1619F92A24C1880000637621 /* RxRelay */,
				1619F92C24C1880000637621 /* RxCocoa */,
			);
			productName = FallingWords;
			productReference = 1640565024C14E19002B3DA6 /* Falling Words.app */;
			productType = "com.apple.product-type.application";
		};
		1640566524C14E23002B3DA6 /* FallingWordsTests */ = {
			isa = PBXNativeTarget;
			buildConfigurationList = 1640567224C14E23002B3DA6 /* Build configuration list for PBXNativeTarget "FallingWordsTests" */;
			buildPhases = (
				1640566224C14E23002B3DA6 /* Sources */,
				1640566324C14E23002B3DA6 /* Frameworks */,
				1640566424C14E23002B3DA6 /* Resources */,
			);
			buildRules = (
			);
			dependencies = (
				1640566824C14E23002B3DA6 /* PBXTargetDependency */,
			);
			name = FallingWordsTests;
			packageProductDependencies = (
				1619F92824C1880000637621 /* RxTest */,
				1619F92E24C1880000637621 /* RxBlocking */,
			);
			productName = FallingWordsTests;
			productReference = 1640566624C14E23002B3DA6 /* FallingWordsTests.xctest */;
			productType = "com.apple.product-type.bundle.unit-test";
		};
/* End PBXNativeTarget section */

/* Begin PBXProject section */
		1640564824C14E19002B3DA6 /* Project object */ = {
			isa = PBXProject;
			attributes = {
				LastSwiftUpdateCheck = 1150;
				LastUpgradeCheck = 1150;
				ORGANIZATIONNAME = "Ankur Arya";
				TargetAttributes = {
					1640564F24C14E19002B3DA6 = {
						CreatedOnToolsVersion = 11.5;
					};
					1640566524C14E23002B3DA6 = {
						CreatedOnToolsVersion = 11.5;
						TestTargetID = 1640564F24C14E19002B3DA6;
					};
				};
			};
			buildConfigurationList = 1640564B24C14E19002B3DA6 /* Build configuration list for PBXProject "FallingWords" */;
			compatibilityVersion = "Xcode 9.3";
			developmentRegion = en;
			hasScannedForEncodings = 0;
			knownRegions = (
				en,
				Base,
			);
			mainGroup = 1640564724C14E19002B3DA6;
			packageReferences = (
				1619F92524C1880000637621 /* XCRemoteSwiftPackageReference "RxSwift" */,
			);
			productRefGroup = 1640565124C14E19002B3DA6 /* Products */;
			projectDirPath = "";
			projectRoot = "";
			targets = (
				1640564F24C14E19002B3DA6 /* FallingWords */,
				1640566524C14E23002B3DA6 /* FallingWordsTests */,
			);
		};
/* End PBXProject section */

/* Begin PBXResourcesBuildPhase section */
		1640564E24C14E19002B3DA6 /* Resources */ = {
			isa = PBXResourcesBuildPhase;
			buildActionMask = 2147483647;
			files = (
				1640566024C14E23002B3DA6 /* LaunchScreen.storyboard in Resources */,
				1640565D24C14E23002B3DA6 /* Assets.xcassets in Resources */,
				1640567E24C1728E002B3DA6 /* README.md in Resources */,
				1640565B24C14E19002B3DA6 /* Game.storyboard in Resources */,
				1640568024C172CC002B3DA6 /* words.json in Resources */,
			);
			runOnlyForDeploymentPostprocessing = 0;
		};
		1640566424C14E23002B3DA6 /* Resources */ = {
			isa = PBXResourcesBuildPhase;
			buildActionMask = 2147483647;
			files = (
			);
			runOnlyForDeploymentPostprocessing = 0;
		};
/* End PBXResourcesBuildPhase section */

/* Begin PBXSourcesBuildPhase section */
		1640564C24C14E19002B3DA6 /* Sources */ = {
			isa = PBXSourcesBuildPhase;
			buildActionMask = 2147483647;
			files = (
				167954C924C314CF0039A2E5 /* EndPoint.swift in Sources */,
				1619F93F24C18F2300637621 /* WordsNetworkRepo.swift in Sources */,
				1619F93824C18BC800637621 /* NetworkManager.swift in Sources */,
				1619F94124C18F7500637621 /* WordsLocalRepo.swift in Sources */,
				1619F93124C18A0200637621 /* GameViewModel.swift in Sources */,
				1619F94324C1AA7400637621 /* GameOverViewController.swift in Sources */,
				1640565824C14E19002B3DA6 /* GameViewController.swift in Sources */,
				1619F93D24C18ED600637621 /* WordsRepo.swift in Sources */,
				167954C524C3145A0039A2E5 /* DataError.swift in Sources */,
				167954C724C314880039A2E5 /* HTTPMethod.swift in Sources */,
				1619F93624C18A7200637621 /* Word.swift in Sources */,
				1640565424C14E19002B3DA6 /* AppDelegate.swift in Sources */,
				1640565624C14E19002B3DA6 /* SceneDelegate.swift in Sources */,
			);
			runOnlyForDeploymentPostprocessing = 0;
		};
		1640566224C14E23002B3DA6 /* Sources */ = {
			isa = PBXSourcesBuildPhase;
			buildActionMask = 2147483647;
			files = (
				1640566B24C14E23002B3DA6 /* GameViewModelTests.swift in Sources */,
				167954BF24C1C1C10039A2E5 /* WordsMockRepo.swift in Sources */,
			);
			runOnlyForDeploymentPostprocessing = 0;
		};
/* End PBXSourcesBuildPhase section */

/* Begin PBXTargetDependency section */
		1640566824C14E23002B3DA6 /* PBXTargetDependency */ = {
			isa = PBXTargetDependency;
			target = 1640564F24C14E19002B3DA6 /* FallingWords */;
			targetProxy = 1640566724C14E23002B3DA6 /* PBXContainerItemProxy */;
		};
/* End PBXTargetDependency section */

/* Begin PBXVariantGroup section */
		1640565924C14E19002B3DA6 /* Game.storyboard */ = {
			isa = PBXVariantGroup;
			children = (
				1640565A24C14E19002B3DA6 /* Base */,
			);
			name = Game.storyboard;
			sourceTree = "<group>";
		};
		1640565E24C14E23002B3DA6 /* LaunchScreen.storyboard */ = {
			isa = PBXVariantGroup;
			children = (
				1640565F24C14E23002B3DA6 /* Base */,
			);
			name = LaunchScreen.storyboard;
			sourceTree = "<group>";
		};
/* End PBXVariantGroup section */

/* Begin XCBuildConfiguration section */
		1640566D24C14E23002B3DA6 /* Debug */ = {
			isa = XCBuildConfiguration;
			buildSettings = {
				ALWAYS_SEARCH_USER_PATHS = NO;
				CLANG_ANALYZER_NONNULL = YES;
				CLANG_ANALYZER_NUMBER_OBJECT_CONVERSION = YES_AGGRESSIVE;
				CLANG_CXX_LANGUAGE_STANDARD = "gnu++14";
				CLANG_CXX_LIBRARY = "libc++";
				CLANG_ENABLE_MODULES = YES;
				CLANG_ENABLE_OBJC_ARC = YES;
				CLANG_ENABLE_OBJC_WEAK = YES;
				CLANG_WARN_BLOCK_CAPTURE_AUTORELEASING = YES;
				CLANG_WARN_BOOL_CONVERSION = YES;
				CLANG_WARN_COMMA = YES;
				CLANG_WARN_CONSTANT_CONVERSION = YES;
				CLANG_WARN_DEPRECATED_OBJC_IMPLEMENTATIONS = YES;
				CLANG_WARN_DIRECT_OBJC_ISA_USAGE = YES_ERROR;
				CLANG_WARN_DOCUMENTATION_COMMENTS = YES;
				CLANG_WARN_EMPTY_BODY = YES;
				CLANG_WARN_ENUM_CONVERSION = YES;
				CLANG_WARN_INFINITE_RECURSION = YES;
				CLANG_WARN_INT_CONVERSION = YES;
				CLANG_WARN_NON_LITERAL_NULL_CONVERSION = YES;
				CLANG_WARN_OBJC_IMPLICIT_RETAIN_SELF = YES;
				CLANG_WARN_OBJC_LITERAL_CONVERSION = YES;
				CLANG_WARN_OBJC_ROOT_CLASS = YES_ERROR;
				CLANG_WARN_RANGE_LOOP_ANALYSIS = YES;
				CLANG_WARN_STRICT_PROTOTYPES = YES;
				CLANG_WARN_SUSPICIOUS_MOVE = YES;
				CLANG_WARN_UNGUARDED_AVAILABILITY = YES_AGGRESSIVE;
				CLANG_WARN_UNREACHABLE_CODE = YES;
				CLANG_WARN__DUPLICATE_METHOD_MATCH = YES;
				COPY_PHASE_STRIP = NO;
				DEBUG_INFORMATION_FORMAT = dwarf;
				ENABLE_STRICT_OBJC_MSGSEND = YES;
				ENABLE_TESTABILITY = YES;
				GCC_C_LANGUAGE_STANDARD = gnu11;
				GCC_DYNAMIC_NO_PIC = NO;
				GCC_NO_COMMON_BLOCKS = YES;
				GCC_OPTIMIZATION_LEVEL = 0;
				GCC_PREPROCESSOR_DEFINITIONS = (
					"DEBUG=1",
					"$(inherited)",
				);
				GCC_WARN_64_TO_32_BIT_CONVERSION = YES;
				GCC_WARN_ABOUT_RETURN_TYPE = YES_ERROR;
				GCC_WARN_UNDECLARED_SELECTOR = YES;
				GCC_WARN_UNINITIALIZED_AUTOS = YES_AGGRESSIVE;
				GCC_WARN_UNUSED_FUNCTION = YES;
				GCC_WARN_UNUSED_VARIABLE = YES;
				IPHONEOS_DEPLOYMENT_TARGET = 13.5;
				MTL_ENABLE_DEBUG_INFO = INCLUDE_SOURCE;
				MTL_FAST_MATH = YES;
				ONLY_ACTIVE_ARCH = YES;
				SDKROOT = iphoneos;
				SWIFT_ACTIVE_COMPILATION_CONDITIONS = DEBUG;
				SWIFT_OPTIMIZATION_LEVEL = "-Onone";
			};
			name = Debug;
		};
		1640566E24C14E23002B3DA6 /* Release */ = {
			isa = XCBuildConfiguration;
			buildSettings = {
				ALWAYS_SEARCH_USER_PATHS = NO;
				CLANG_ANALYZER_NONNULL = YES;
				CLANG_ANALYZER_NUMBER_OBJECT_CONVERSION = YES_AGGRESSIVE;
				CLANG_CXX_LANGUAGE_STANDARD = "gnu++14";
				CLANG_CXX_LIBRARY = "libc++";
				CLANG_ENABLE_MODULES = YES;
				CLANG_ENABLE_OBJC_ARC = YES;
				CLANG_ENABLE_OBJC_WEAK = YES;
				CLANG_WARN_BLOCK_CAPTURE_AUTORELEASING = YES;
				CLANG_WARN_BOOL_CONVERSION = YES;
				CLANG_WARN_COMMA = YES;
				CLANG_WARN_CONSTANT_CONVERSION = YES;
				CLANG_WARN_DEPRECATED_OBJC_IMPLEMENTATIONS = YES;
				CLANG_WARN_DIRECT_OBJC_ISA_USAGE = YES_ERROR;
				CLANG_WARN_DOCUMENTATION_COMMENTS = YES;
				CLANG_WARN_EMPTY_BODY = YES;
				CLANG_WARN_ENUM_CONVERSION = YES;
				CLANG_WARN_INFINITE_RECURSION = YES;
				CLANG_WARN_INT_CONVERSION = YES;
				CLANG_WARN_NON_LITERAL_NULL_CONVERSION = YES;
				CLANG_WARN_OBJC_IMPLICIT_RETAIN_SELF = YES;
				CLANG_WARN_OBJC_LITERAL_CONVERSION = YES;
				CLANG_WARN_OBJC_ROOT_CLASS = YES_ERROR;
				CLANG_WARN_RANGE_LOOP_ANALYSIS = YES;
				CLANG_WARN_STRICT_PROTOTYPES = YES;
				CLANG_WARN_SUSPICIOUS_MOVE = YES;
				CLANG_WARN_UNGUARDED_AVAILABILITY = YES_AGGRESSIVE;
				CLANG_WARN_UNREACHABLE_CODE = YES;
				CLANG_WARN__DUPLICATE_METHOD_MATCH = YES;
				COPY_PHASE_STRIP = NO;
				DEBUG_INFORMATION_FORMAT = "dwarf-with-dsym";
				ENABLE_NS_ASSERTIONS = NO;
				ENABLE_STRICT_OBJC_MSGSEND = YES;
				GCC_C_LANGUAGE_STANDARD = gnu11;
				GCC_NO_COMMON_BLOCKS = YES;
				GCC_WARN_64_TO_32_BIT_CONVERSION = YES;
				GCC_WARN_ABOUT_RETURN_TYPE = YES_ERROR;
				GCC_WARN_UNDECLARED_SELECTOR = YES;
				GCC_WARN_UNINITIALIZED_AUTOS = YES_AGGRESSIVE;
				GCC_WARN_UNUSED_FUNCTION = YES;
				GCC_WARN_UNUSED_VARIABLE = YES;
				IPHONEOS_DEPLOYMENT_TARGET = 13.5;
				MTL_ENABLE_DEBUG_INFO = NO;
				MTL_FAST_MATH = YES;
				SDKROOT = iphoneos;
				SWIFT_COMPILATION_MODE = wholemodule;
				SWIFT_OPTIMIZATION_LEVEL = "-O";
				VALIDATE_PRODUCT = YES;
			};
			name = Release;
		};
		1640567024C14E23002B3DA6 /* Debug */ = {
			isa = XCBuildConfiguration;
			buildSettings = {
				ASSETCATALOG_COMPILER_APPICON_NAME = AppIcon;
				CODE_SIGN_STYLE = Automatic;
				INFOPLIST_FILE = FallingWords/Resources/Info.plist;
				LD_RUNPATH_SEARCH_PATHS = (
					"$(inherited)",
					"@executable_path/Frameworks",
				);
				PRODUCT_BUNDLE_IDENTIFIER = com.arya.FallingWords;
				PRODUCT_NAME = "Falling Words";
				SWIFT_VERSION = 5.0;
				TARGETED_DEVICE_FAMILY = 1;
			};
			name = Debug;
		};
		1640567124C14E23002B3DA6 /* Release */ = {
			isa = XCBuildConfiguration;
			buildSettings = {
				ASSETCATALOG_COMPILER_APPICON_NAME = AppIcon;
				CODE_SIGN_STYLE = Automatic;
				INFOPLIST_FILE = FallingWords/Resources/Info.plist;
				LD_RUNPATH_SEARCH_PATHS = (
					"$(inherited)",
					"@executable_path/Frameworks",
				);
				PRODUCT_BUNDLE_IDENTIFIER = com.arya.FallingWords;
				PRODUCT_NAME = "Falling Words";
				SWIFT_VERSION = 5.0;
				TARGETED_DEVICE_FAMILY = 1;
			};
			name = Release;
		};
		1640567324C14E23002B3DA6 /* Debug */ = {
			isa = XCBuildConfiguration;
			buildSettings = {
				ALWAYS_EMBED_SWIFT_STANDARD_LIBRARIES = YES;
				BUNDLE_LOADER = "$(TEST_HOST)";
				CODE_SIGN_STYLE = Automatic;
				INFOPLIST_FILE = FallingWordsTests/Info.plist;
				IPHONEOS_DEPLOYMENT_TARGET = 13.5;
				LD_RUNPATH_SEARCH_PATHS = (
					"$(inherited)",
					"@executable_path/Frameworks",
					"@loader_path/Frameworks",
				);
				PRODUCT_BUNDLE_IDENTIFIER = com.arya.FallingWordsTests;
				PRODUCT_NAME = "$(TARGET_NAME)";
				SWIFT_VERSION = 5.0;
				TARGETED_DEVICE_FAMILY = "1,2";
				TEST_HOST = "$(BUILT_PRODUCTS_DIR)/FallingWords.app/FallingWords";
			};
			name = Debug;
		};
		1640567424C14E23002B3DA6 /* Release */ = {
			isa = XCBuildConfiguration;
			buildSettings = {
				ALWAYS_EMBED_SWIFT_STANDARD_LIBRARIES = YES;
				BUNDLE_LOADER = "$(TEST_HOST)";
				CODE_SIGN_STYLE = Automatic;
				INFOPLIST_FILE = FallingWordsTests/Info.plist;
				IPHONEOS_DEPLOYMENT_TARGET = 13.5;
				LD_RUNPATH_SEARCH_PATHS = (
					"$(inherited)",
					"@executable_path/Frameworks",
					"@loader_path/Frameworks",
				);
				PRODUCT_BUNDLE_IDENTIFIER = com.arya.FallingWordsTests;
				PRODUCT_NAME = "$(TARGET_NAME)";
				SWIFT_VERSION = 5.0;
				TARGETED_DEVICE_FAMILY = "1,2";
				TEST_HOST = "$(BUILT_PRODUCTS_DIR)/FallingWords.app/FallingWords";
			};
			name = Release;
		};
/* End XCBuildConfiguration section */

/* Begin XCConfigurationList section */
		1640564B24C14E19002B3DA6 /* Build configuration list for PBXProject "FallingWords" */ = {
			isa = XCConfigurationList;
			buildConfigurations = (
				1640566D24C14E23002B3DA6 /* Debug */,
				1640566E24C14E23002B3DA6 /* Release */,
			);
			defaultConfigurationIsVisible = 0;
			defaultConfigurationName = Release;
		};
		1640566F24C14E23002B3DA6 /* Build configuration list for PBXNativeTarget "FallingWords" */ = {
			isa = XCConfigurationList;
			buildConfigurations = (
				1640567024C14E23002B3DA6 /* Debug */,
				1640567124C14E23002B3DA6 /* Release */,
			);
			defaultConfigurationIsVisible = 0;
			defaultConfigurationName = Release;
		};
		1640567224C14E23002B3DA6 /* Build configuration list for PBXNativeTarget "FallingWordsTests" */ = {
			isa = XCConfigurationList;
			buildConfigurations = (
				1640567324C14E23002B3DA6 /* Debug */,
				1640567424C14E23002B3DA6 /* Release */,
			);
			defaultConfigurationIsVisible = 0;
			defaultConfigurationName = Release;
		};
/* End XCConfigurationList section */

/* Begin XCRemoteSwiftPackageReference section */
		1619F92524C1880000637621 /* XCRemoteSwiftPackageReference "RxSwift" */ = {
			isa = XCRemoteSwiftPackageReference;
			repositoryURL = "https://github.com/ReactiveX/RxSwift";
			requirement = {
				kind = upToNextMajorVersion;
				minimumVersion = 5.1.1;
			};
		};
/* End XCRemoteSwiftPackageReference section */

/* Begin XCSwiftPackageProductDependency section */
		1619F92624C1880000637621 /* RxSwift */ = {
			isa = XCSwiftPackageProductDependency;
			package = 1619F92524C1880000637621 /* XCRemoteSwiftPackageReference "RxSwift" */;
			productName = RxSwift;
		};
		1619F92824C1880000637621 /* RxTest */ = {
			isa = XCSwiftPackageProductDependency;
			package = 1619F92524C1880000637621 /* XCRemoteSwiftPackageReference "RxSwift" */;
			productName = RxTest;
		};
		1619F92A24C1880000637621 /* RxRelay */ = {
			isa = XCSwiftPackageProductDependency;
			package = 1619F92524C1880000637621 /* XCRemoteSwiftPackageReference "RxSwift" */;
			productName = RxRelay;
		};
		1619F92C24C1880000637621 /* RxCocoa */ = {
			isa = XCSwiftPackageProductDependency;
			package = 1619F92524C1880000637621 /* XCRemoteSwiftPackageReference "RxSwift" */;
			productName = RxCocoa;
		};
		1619F92E24C1880000637621 /* RxBlocking */ = {
			isa = XCSwiftPackageProductDependency;
			package = 1619F92524C1880000637621 /* XCRemoteSwiftPackageReference "RxSwift" */;
			productName = RxBlocking;
		};
/* End XCSwiftPackageProductDependency section */
	};
	rootObject = 1640564824C14E19002B3DA6 /* Project object */;
}
